# This file is automatically @generated by Poetry 2.3.2 and should not be changed by hand.

[[package]]
name = "aiofiles"
version = "25.1.0"
description = "File support for asyncio."
optional = false
python-versions = ">=3.9"
groups = ["main"]
files = [
    {file = "aiofiles-25.1.0-py3-none-any.whl", hash = "sha256:abe311e527c862958650f9438e859c1fa7568a141b22abcd015e120e86a85695"},
    {file = "aiofiles-25.1.0.tar.gz", hash = "sha256:a8d728f0a29de45dc521f18f07297428d56992a742f0cd2701ba86e44d23d5b2"},
]

[[package]]
name = "anyio"
version = "4.15.1"
description = "High-level concurrency and networking framework on top of asyncio or Trio"
optional = false
python-versions = ">=3.10"
groups = ["main"]
files = [
    {file = "anyio-4.15.1-py3-none-any.whl", hash = "sha256:6152fdbbf9a77fdec97731721bebf7c4c44f7c29b424b0065826173efc7ed101"},
    {file = "anyio-4.15.1.tar.gz", hash = "sha256:9f28306018cbd6d329e64a36d58256edff76dd996fe423bc957326e578b82a94"},
]

[package.dependencies]
idna = ">=2.8"
typing_extensions = {version = ">=4.16.0", markers = "python_version < \"3.15\""}

[package.extras]
trio = ["trio (>=0.32.0)"]

[[package]]
name = "certifi"
version = "2026.7.22"
description = "Python package for providing Mozilla's CA Bundle."
optional = false
python-versions = ">=3.7"
groups = ["main"]
files = [
    {file = "certifi-2026.7.22-py3-none-any.whl", hash = "sha256:62f22742b58a1a33014a2b6b706588a8d7e2a88ae7bd1a6ebe8c992928483775"},
    {file = "certifi-2026.7.22.tar.gz", hash = "sha256:741e2c3b351ddf169a738da9f2c048608ff7f2c5cc02f1ebc6b118bb090d5d55"},
]

[[package]]
name = "click"
version = "8.5.0"
description = "Composable command line interface toolkit"
optional = false
python-versions = ">=3.10"
groups = ["main"]
files = [
    {file = "click-8.5.0-py3-none-any.whl", hash = "sha256:255bc9599cf7748b4b1a446ccc735421bd08a2ae529a8b88597d3de5664ee360"},
    {file = "click-8.5.0.tar.gz", hash = "sha256:ba0d2089de75ea0310e2dde03160e6ca10009947fb95a182f9b54021bb272e34"},
]

[[package]]
name = "colorama"
version = "0.4.6"
description = "Cross-platform colored terminal text."
optional = false
python-versions = "!=3.0.*,!=3.1.*,!=3.2.*,!=3.3.*,!=3.4.*,!=3.5.*,!=3.6.*,>=2.7"
groups = ["dev"]
markers = "sys_platform == \"win32\""
files = [
    {file = "colorama-0.4.6-py2.py3-none-any.whl", hash = "sha256:4f1d9991f5acc0ca119f9d443620b77f9d6b33703e51011c16baf57afb285fc6"},
    {file = "colorama-0.4.6.tar.gz", hash = "sha256:08695f5cb7ed6e0531a20572697297273c47b8cae5a63ffc6d6ed5c201be6e44"},
]

[[package]]
name = "container-app-conf"
version = "5.4.0"
description = "Convenient configuration of containerized applications"
optional = false
python-versions = "*"
groups = ["main"]
files = [
    {file = "container_app_conf-5.4.0-py3-none-any.whl", hash = "sha256:7d594331367cc1199186ddd16d552fd5366290c6a57fa65216f84958e44a3d39"},
    {file = "container_app_conf-5.4.0.tar.gz", hash = "sha256:20da56dac4ec2649c080ea69a1aaf36ac831ae06d813828c1f46cc859b7c4283"},
]

[package.dependencies]
py-range-parse = "*"
python-dateutil = "*"
pytimeparse = "*"
"ruamel.yaml" = "*"
"ruamel.yaml.clib" = "*"
six = "*"
toml = "*"
voluptuous = "*"

[[package]]
name = "emoji"
version = "2.16.0"
description = "Emoji for Python"
optional = false
python-versions = ">=3.8"
groups = ["main"]
files = [
    {file = "emoji-2.16.0-py3-none-any.whl", hash = "sha256:c4230d80640def9071599ff56b1b5950fe13a2a94c0da98c5deab12431b24330"},
    {file = "emoji-2.16.0.tar.gz", hash = "sha256:ff9e9b1c48389ef78ed1787e7693c555e84e6bb9bac16be1fd65e1616dbf80c8"},
]

[package.extras]
dev = ["coverage", "pytest (>=7.4.4)"]

[[package]]
name = "h11"
version = "0.16.0"
description = "A pure-Python, bring-your-own-I/O implementation of HTTP/1.1"
optional = false
python-versions = ">=3.8"
groups = ["main"]
files = [
    {file = "h11-0.16.0-py3-none-any.whl", hash = "sha256:63cf8bbe7522de3bf65932fda1d9c2772064ffb3dae62d55932da54b31cb6c86"},
    {file = "h11-0.16.0.tar.gz", hash = "sha256:4e35b956cf45792e4caa5885e69fba00bdbc6ffafbfa020300e549b208ee5ff1"},
]

[[package]]
name = "httpcore"
version = "1.0.9"
description = "A minimal low-level HTTP client."
optional = false
python-versions = ">=3.8"
groups = ["main"]
files = [
    {file = "httpcore-1.0.9-py3-none-any.whl", hash = "sha256:2d400746a40668fc9dec9810239072b40b4484b640a8c38fd654a024c7a1bf55"},
    {file = "httpcore-1.0.9.tar.gz", hash = "sha256:6e34463af53fd2ab5d807f399a9b45ea31c3dfa2276f15a2c3f00afff6e176e8"},
]

[package.dependencies]
certifi = "*"
h11 = ">=0.16"

[package.extras]
asyncio = ["anyio (>=4.0,<5.0)"]
http2 = ["h2 (>=3,<5)"]
socks = ["socksio (==1.*)"]
trio = ["trio (>=0.22.0,<1.0)"]

[[package]]
name = "httpx"
version = "0.28.1"
description = "The next generation HTTP client."
optional = false
python-versions = ">=3.8"
groups = ["main"]
files = [
    {file = "httpx-0.28.1-py3-none-any.whl", hash = "sha256:d909fcccc110f8c7faf814ca82a9a4d816bc5a6dbfea25d6591d6985b8ba59ad"},
    {file = "httpx-0.28.1.tar.gz", hash = "sha256:75e98c5f16b0f35b567856f597f06ff2270a374470a5c2392242528e3e3e42fc"},
]

[package.dependencies]
anyio = "*"
certifi = "*"
httpcore = "==1.*"
idna = "*"

[package.extras]
brotli = ["brotli ; platform_python_implementation == \"CPython\"", "brotlicffi ; platform_python_implementation != \"CPython\""]
cli = ["click (==8.*)", "pygments (==2.*)", "rich (>=10,<14)"]
http2 = ["h2 (>=3,<5)"]
socks = ["socksio (==1.*)"]
zstd = ["zstandard (>=0.18.0)"]

[[package]]
name = "idna"
version = "3.20"
description = "Internationalized Domain Names in Applications (IDNA)"
optional = false
python-versions = ">=3.9"
groups = ["main"]
files = [
    {file = "idna-3.20-py3-none-any.whl", hash = "sha256:ab7ae7122974553370f0bdb919e1a960b2cd1bc1ef0276416d896db81c14582c"},
    {file = "idna-3.20.tar.gz", hash = "sha256:a7db850025b95ded1eae8a46181a1a6c56c92c96f0e2b005d9ff8dc0210cab44"},
]

[package.extras]
all = ["coverage (>=7.10.0)", "hypothesis (>=6.141.1)", "mypy (>=1.11.2)", "pytest (>=8.3.2)", "ruff (>=0.16.0)", "ty (>=0.0.37)"]

[[package]]
name = "iniconfig"
version = "2.3.1"
description = "brain-dead simple config-ini parsing"
optional = false
python-versions = ">=3.10"
groups = ["dev"]
files = [
    {file = "iniconfig-2.3.1-py3-none-any.whl", hash = "sha256:9121e2c1fdb355232495be3194c8dfe87ccc2d5dee45947b78e68f499790d7a7"},
    {file = "iniconfig-2.3.1.tar.gz", hash = "sha256:67f4b9c50da0dedf52af349e7749a80a9057a5031199791b906c3bb3ae878960"},
]

[[package]]
name = "packaging"
version = "26.3"
description = "Core utilities for Python packages"
optional = false
python-versions = ">=3.9"
groups = ["dev"]
files = [
    {file = "packaging-26.3-py3-none-any.whl", hash = "sha256:d7193f7c8e4e93f444fde0262bf90af30e16fa0ad0ad44cb553c87339b23cd1c"},
    {file = "packaging-26.3.tar.gz", hash = "sha256:94edc256424af38762eb31306eed28beb9f0efc50a8837492c9d6fd6004aed79"},
]

[[package]]
name = "pluggy"
version = "1.6.0"
description = "plugin and hook calling mechanisms for python"
optional = false
python-versions = ">=3.9"
groups = ["dev"]
files = [
    {file = "pluggy-1.6.0-py3-none-any.whl", hash = "sha256:e920276dd6813095e9377c0bc5566d94c932c33b27a3e3945d8389c374dd4746"},
    {file = "pluggy-1.6.0.tar.gz", hash = "sha256:7dcc130b76258d33b90f61b658791dede3486c3e6bfb003ee5c9bfb396dd22f3"},
]

[package.extras]
dev = ["pre-commit", "tox"]
testing = ["coverage", "pytest", "pytest-benchmark"]

[[package]]
name = "py-range-parse"
version = "1.0.6"
description = "Parses commonly used range notations to python objects"
optional = false
python-versions = "*"
groups = ["main"]
files = [
    {file = "py_range_parse-1.0.6-py3-none-any.whl", hash = "sha256:fe11726763a58b0fc376525440bc3bb07d39b4c1ee84809ad12b2f719f461ca5"},
    {file = "py_range_parse-1.0.6.tar.gz", hash = "sha256:e8ded6123a8d422e6dfe880d29b0fdac930d927e3843cb272e49500a47010dda"},
]

[[package]]
name = "pygments"
version = "2.21.0"
description = "Pygments is a syntax highlighting package written in Python."
optional = false
python-versions = ">=3.9"
groups = ["dev"]
files = [
    {file = "pygments-2.21.0-py3-none-any.whl", hash = "sha256:2363c69b61c4a97c838da3b130dcd6468f4848992b21a82f2a63ec34377137d9"},
    {file = "pygments-2.21.0.tar.gz", hash = "sha256:610ca751c9bc2492b38eb9a38a7fbc93edbbb2d7182edaf34e66ae493dee5c8c"},
]

[package.extras]
windows-terminal = ["colorama (>=0.4.6)"]

[[package]]
name = "pytest"
version = "9.1.1"
description = "pytest: simple powerful testing with Python"
optional = false
python-versions = ">=3.10"
groups = ["dev"]
files = [
    {file = "pytest-9.1.1-py3-none-any.whl", hash = "sha256:37a86b45efb9a47a61a36449063e8e18d0cab3161329fc099eb21783169c4f0c"},
    {file = "pytest-9.1.1.tar.gz", hash = "sha256:1088fbde8f2b49d95a549a195707afa7a76a3ce9bcadc26b6d71f0ffda5fe313"},
]

[package.dependencies]
colorama = {version = ">=0.4", markers = "sys_platform == \"win32\""}
iniconfig = ">=1.0.1"
packaging = ">=22"
pluggy = ">=1.5,<2"
pygments = ">=2.7.2"

[package.extras]
dev = ["argcomplete", "attrs (>=19.2)", "hypothesis (>=3.56)", "mock", "requests", "setuptools", "xmlschema"]

[[package]]
name = "python-dateutil"
version = "2.9.0.post0"
description = "Extensions to the standard Python datetime module"
optional = false
python-versions = "!=3.0.*,!=3.1.*,!=3.2.*,>=2.7"
groups = ["main"]
files = [
    {file = "python-dateutil-2.9.0.post0.tar.gz", hash = "sha256:37dd54208da7e1cd875388217d5e00ebd4179249f90fb72437e91a35459a0ad3"},
    {file = "python_dateutil-2.9.0.post0-py2.py3-none-any.whl", hash = "sha256:a8b2bc7bffae282281c8140a97d3aa9c14da0b136dfe83f850eea9a5f7470427"},
]

[package.dependencies]
six = ">=1.5"

[[package]]
name = "python-telegram-bot"
version = "22.8"
description = "We have made you a wrapper you can't refuse"
optional = false
python-versions = ">=3.10"
groups = ["main"]
files = [
    {file = "python_telegram_bot-22.8-py3-none-any.whl", hash = "sha256:42373918097f1b837cc4e717d588c19ea79651497ec712bb5b0c76e5e63c50e1"},
    {file = "python_telegram_bot-22.8.tar.gz", hash = "sha256:f9d3847fcb23ee603477e442800b33bb4adf851a73e0619d2050be879decf1ef"},
]

[package.dependencies]
httpcore = {version = ">=1.0.9", markers = "python_version >= \"3.14\""}
httpx = ">=0.27,<0.29"

[package.extras]
all = ["aiolimiter (>=1.1,<1.3)", "apscheduler (>=3.10.4,<3.12.0)", "cachetools (>=7.0.0,<8.0.0)", "cffi (>=1.17.0rc1) ; python_version > \"3.12\"", "cryptography (>=39.0.1)", "httpx[http2]", "httpx[socks]", "tornado (>=6.5,<7.0)"]
callback-data = ["cachetools (>=7.0.0,<8.0.0)"]
ext = ["aiolimiter (>=1.1,<1.3)", "apscheduler (>=3.10.4,<3.12.0)", "cachetools (>=7.0.0,<8.0.0)", "tornado (>=6.5,<7.0)"]
http2 = ["httpx[http2]"]
job-queue = ["apscheduler (>=3.10.4,<3.12.0)"]
passport = ["cffi (>=1.17.0rc1) ; python_version > \"3.12\"", "cryptography (>=39.0.1)"]
rate-limiter = ["aiolimiter (>=1.1,<1.3)"]
socks = ["httpx[socks]"]
webhooks = ["tornado (>=6.5,<7.0)"]

[[package]]
name = "pytimeparse"
version = "1.1.9"
description = "Time expression parser"
optional = false
python-versions = ">=3.11"
groups = ["main"]
files = [
    {file = "pytimeparse-1.1.9-py3-none-any.whl", hash = "sha256:627b2f483d8b713cc86d78f95c17d5acc06794949afc51ad8dabfa9655e3c8ba"},
    {file = "pytimeparse-1.1.9.tar.gz", hash = "sha256:1f1c0bedcfbe481b78f7cb11dba7d81039455af8ba014eafc6df060c9c0ab156"},
]

[[package]]
name = "ruamel-yaml"
version = "0.19.1"
description = "ruamel.yaml is a YAML parser/emitter that supports roundtrip preservation of comments, seq/map flow style, and map key order"
optional = false
python-versions = ">=3.9"
groups = ["main"]
files = [
    {file = "ruamel_yaml-0.19.1-py3-none-any.whl", hash = "sha256:27592957fedf6e0b62f281e96effd28043345e0e66001f97683aa9a40c667c93"},
    {file = "ruamel_yaml-0.19.1.tar.gz", hash = "sha256:53eb66cd27849eff968ebf8f0bf61f46cdac2da1d1f3576dd4ccee9b25c31993"},
]

[package.extras]
docs = ["mercurial (>5.7)", "ryd"]
jinja2 = ["ruamel.yaml.jinja2 (>=0.2)"]
libyaml = ["ruamel.yaml.clibz (>=0.3.7) ; platform_python_implementation == \"CPython\""]
oldlibyaml = ["ruamel.yaml.clib ; platform_python_implementation == \"CPython\""]

[[package]]
name = "ruamel-yaml-clib"
version = "0.2.15"
description = "C version of reader, parser and emitter for ruamel.yaml derived from libyaml"
optional = false
python-versions = ">=3.9"
groups = ["main"]
files = [
    {file = "ruamel_yaml_clib-0.2.15-cp310-cp310-macosx_10_9_x86_64.whl", hash = "sha256:88eea8baf72f0ccf232c22124d122a7f26e8a24110a0273d9bcddcb0f7e1fa03"},
    {file = "ruamel_yaml_clib-0.2.15-cp310-cp310-macosx_11_0_arm64.whl", hash = "sha256:9b6f7d74d094d1f3a4e157278da97752f16ee230080ae331fcc219056ca54f77"},
    {file = "ruamel_yaml_clib-0.2.15-cp310-cp310-manylinux1_i686.manylinux_2_28_i686.manylinux_2_5_i686.whl", hash = "sha256:4be366220090d7c3424ac2b71c90d1044ea34fca8c0b88f250064fd06087e614"},
    {file = "ruamel_yaml_clib-0.2.15-cp310-cp310-manylinux2014_aarch64.manylinux_2_17_aarch64.manylinux_2_28_aarch64.whl", hash = "sha256:1f66f600833af58bea694d5892453f2270695b92200280ee8c625ec5a477eed3"},
    {file = "ruamel_yaml_clib-0.2.15-cp310-cp310-manylinux2014_x86_64.manylinux_2_17_x86_64.manylinux_2_28_x86_64.whl", hash = "sha256:da3d6adadcf55a93c214d23941aef4abfd45652110aed6580e814152f385b862"},
    {file = "ruamel_yaml_clib-0.2.15-cp310-cp310-musllinux_1_2_aarch64.whl", hash = "sha256:e9fde97ecb7bb9c41261c2ce0da10323e9227555c674989f8d9eb7572fc2098d"},
    {file = "ruamel_yaml_clib-0.2.15-cp310-cp310-musllinux_1_2_i686.whl", hash = "sha256:05c70f7f86be6f7bee53794d80050a28ae7e13e4a0087c1839dcdefd68eb36b6"},
    {file = "ruamel_yaml_clib-0.2.15-cp310-cp310-musllinux_1_2_x86_64.whl", hash = "sha256:6f1d38cbe622039d111b69e9ca945e7e3efebb30ba998867908773183357f3ed"},
    {file = "ruamel_yaml_clib-0.2.15-cp310-cp310-win32.whl", hash = "sha256:fe239bdfdae2302e93bd6e8264bd9b71290218fff7084a9db250b55caaccf43f"},
    {file = "ruamel_yaml_clib-0.2.15-cp310-cp310-win_amd64.whl", hash = "sha256:468858e5cbde0198337e6a2a78eda8c3fb148bdf4c6498eaf4bc9ba3f8e780bd"},
    {file = "ruamel_yaml_clib-0.2.15-cp311-cp311-macosx_10_9_x86_64.whl", hash = "sha256:c583229f336682b7212a43d2fa32c30e643d3076178fb9f7a6a14dde85a2d8bd"},
    {file = "ruamel_yaml_clib-0.2.15-cp311-cp311-macosx_11_0_arm64.whl", hash = "sha256:56ea19c157ed8c74b6be51b5fa1c3aff6e289a041575f0556f66e5fb848bb137"},
    {file = "ruamel_yaml_clib-0.2.15-cp311-cp311-manylinux1_i686.manylinux_2_28_i686.manylinux_2_5_i686.whl", hash = "sha256:5fea0932358e18293407feb921d4f4457db837b67ec1837f87074667449f9401"},
    {file = "ruamel_yaml_clib-0.2.15-cp311-cp311-manylinux2014_aarch64.manylinux_2_17_aarch64.manylinux_2_28_aarch64.whl", hash = "sha256:ef71831bd61fbdb7aa0399d5c4da06bea37107ab5c79ff884cc07f2450910262"},
    {file = "ruamel_yaml_clib-0.2.15-cp311-cp311-manylinux2014_x86_64.manylinux_2_17_x86_64.manylinux_2_28_x86_64.whl", hash = "sha256:617d35dc765715fa86f8c3ccdae1e4229055832c452d4ec20856136acc75053f"},
    {file = "ruamel_yaml_clib-0.2.15-cp311-cp311-musllinux_1_2_aarch64.whl", hash = "sha256:1b45498cc81a4724a2d42273d6cfc243c0547ad7c6b87b4f774cb7bcc131c98d"},
    {file = "ruamel_yaml_clib-0.2.15-cp311-cp311-musllinux_1_2_i686.whl", hash = "sha256:def5663361f6771b18646620fca12968aae730132e104688766cf8a3b1d65922"},
    {file = "ruamel_yaml_clib-0.2.15-cp311-cp311-musllinux_1_2_x86_64.whl", hash = "sha256:014181cdec565c8745b7cbc4de3bf2cc8ced05183d986e6d1200168e5bb59490"},
    {file = "ruamel_yaml_clib-0.2.15-cp311-cp311-win32.whl", hash = "sha256:d290eda8f6ada19e1771b54e5706b8f9807e6bb08e873900d5ba114ced13e02c"},
    {file = "ruamel_yaml_clib-0.2.15-cp311-cp311-win_amd64.whl", hash = "sha256:bdc06ad71173b915167702f55d0f3f027fc61abd975bd308a0968c02db4a4c3e"},
    {file = "ruamel_yaml_clib-0.2.15-cp312-cp312-macosx_10_13_x86_64.whl", hash = "sha256:cb15a2e2a90c8475df45c0949793af1ff413acfb0a716b8b94e488ea95ce7cff"},
    {file = "ruamel_yaml_clib-0.2.15-cp312-cp312-macosx_11_0_arm64.whl", hash = "sha256:64da03cbe93c1e91af133f5bec37fd24d0d4ba2418eaf970d7166b0a26a148a2"},
    {file = "ruamel_yaml_clib-0.2.15-cp312-cp312-manylinux1_i686.manylinux_2_28_i686.manylinux_2_5_i686.whl", hash = "sha256:f6d3655e95a80325b84c4e14c080b2470fe4f33b6846f288379ce36154993fb1"},
    {file = "ruamel_yaml_clib-0.2.15-cp312-cp312-manylinux2014_aarch64.manylinux_2_17_aarch64.manylinux_2_28_aarch64.whl", hash = "sha256:71845d377c7a47afc6592aacfea738cc8a7e876d586dfba814501d8c53c1ba60"},
    {file = "ruamel_yaml_clib-0.2.15-cp312-cp312-manylinux2014_x86_64.manylinux_2_17_x86_64.manylinux_2_28_x86_64.whl", hash = "sha256:11e5499db1ccbc7f4b41f0565e4f799d863ea720e01d3e99fa0b7b5fcd7802c9"},
    {file = "ruamel_yaml_clib-0.2.15-cp312-cp312-musllinux_1_2_aarch64.whl", hash = "sha256:4b293a37dc97e2b1e8a1aec62792d1e52027087c8eea4fc7b5abd2bdafdd6642"},
    {file = "ruamel_yaml_clib-0.2.15-cp312-cp312-musllinux_1_2_i686.whl", hash = "sha256:512571ad41bba04eac7268fe33f7f4742210ca26a81fe0c75357fa682636c690"},
    {file = "ruamel_yaml_clib-0.2.15-cp312-cp312-musllinux_1_2_x86_64.whl", hash = "sha256:e5e9f630c73a490b758bf14d859a39f375e6999aea5ddd2e2e9da89b9953486a"},
    {file = "ruamel_yaml_clib-0.2.15-cp312-cp312-win32.whl", hash = "sha256:f4421ab780c37210a07d138e56dd4b51f8642187cdfb433eb687fe8c11de0144"},
    {file = "ruamel_yaml_clib-0.2.15-cp312-cp312-win_amd64.whl", hash = "sha256:2b216904750889133d9222b7b873c199d48ecbb12912aca78970f84a5aa1a4bc"},
    {file = "ruamel_yaml_clib-0.2.15-cp313-cp313-macosx_10_13_x86_64.whl", hash = "sha256:4dcec721fddbb62e60c2801ba08c87010bd6b700054a09998c4d09c08147b8fb"},
    {file = "ruamel_yaml_clib-0.2.15-cp313-cp313-macosx_11_0_arm64.whl", hash = "sha256:65f48245279f9bb301d1276f9679b82e4c080a1ae25e679f682ac62446fac471"},
    {file = "ruamel_yaml_clib-0.2.15-cp313-cp313-manylinux1_i686.manylinux_2_28_i686.manylinux_2_5_i686.whl", hash = "sha256:46895c17ead5e22bea5e576f1db7e41cb273e8d062c04a6a49013d9f60996c25"},
    {file = "ruamel_yaml_clib-0.2.15-cp313-cp313-manylinux2014_aarch64.manylinux_2_17_aarch64.manylinux_2_28_aarch64.whl", hash = "sha256:3eb199178b08956e5be6288ee0b05b2fb0b5c1f309725ad25d9c6ea7e27f962a"},
    {file = "ruamel_yaml_clib-0.2.15-cp313-cp313-manylinux2014_x86_64.manylinux_2_17_x86_64.manylinux_2_28_x86_64.whl", hash = "sha256:4d1032919280ebc04a80e4fb1e93f7a738129857eaec9448310e638c8bccefcf"},
    {file = "ruamel_yaml_clib-0.2.15-cp313-cp313-musllinux_1_2_aarch64.whl", hash = "sha256:ab0df0648d86a7ecbd9c632e8f8d6b21bb21b5fc9d9e095c796cacf32a728d2d"},
    {file = "ruamel_yaml_clib-0.2.15-cp313-cp313-musllinux_1_2_i686.whl", hash = "sha256:331fb180858dd8534f0e61aa243b944f25e73a4dae9962bd44c46d1761126bbf"},
    {file = "ruamel_yaml_clib-0.2.15-cp313-cp313-musllinux_1_2_x86_64.whl", hash = "sha256:fd4c928ddf6bce586285daa6d90680b9c291cfd045fc40aad34e445d57b1bf51"},
    {file = "ruamel_yaml_clib-0.2.15-cp313-cp313-win32.whl", hash = "sha256:bf0846d629e160223805db9fe8cc7aec16aaa11a07310c50c8c7164efa440aec"},
    {file = "ruamel_yaml_clib-0.2.15-cp313-cp313-win_amd64.whl", hash = "sha256:45702dfbea1420ba3450bb3dd9a80b33f0badd57539c6aac09f42584303e0db6"},
    {file = "ruamel_yaml_clib-0.2.15-cp314-cp314-macosx_10_15_x86_64.whl", hash = "sha256:753faf20b3a5906faf1fc50e4ddb8c074cb9b251e00b14c18b28492f933ac8ef"},
    {file = "ruamel_yaml_clib-0.2.15-cp314-cp314-macosx_11_0_arm64.whl", hash = "sha256:480894aee0b29752560a9de46c0e5f84a82602f2bc5c6cde8db9a345319acfdf"},
    {file = "ruamel_yaml_clib-0.2.15-cp314-cp314-manylinux1_i686.manylinux_2_28_i686.manylinux_2_5_i686.whl", hash = "sha256:4d3b58ab2454b4747442ac76fab66739c72b1e2bb9bd173d7694b9f9dbc9c000"},
    {file = "ruamel_yaml_clib-0.2.15-cp314-cp314-manylinux2014_aarch64.manylinux_2_17_aarch64.manylinux_2_28_aarch64.whl", hash = "sha256:bfd309b316228acecfa30670c3887dcedf9b7a44ea39e2101e75d2654522acd4"},
    {file = "ruamel_yaml_clib-0.2.15-cp314-cp314-manylinux2014_x86_64.manylinux_2_17_x86_64.manylinux_2_28_x86_64.whl", hash = "sha256:2812ff359ec1f30129b62372e5f22a52936fac13d5d21e70373dbca5d64bb97c"},
    {file = "ruamel_yaml_clib-0.2.15-cp314-cp314-musllinux_1_2_aarch64.whl", hash = "sha256:7e74ea87307303ba91073b63e67f2c667e93f05a8c63079ee5b7a5c8d0d7b043"},
    {file = "ruamel_yaml_clib-0.2.15-cp314-cp314-musllinux_1_2_i686.whl", hash = "sha256:713cd68af9dfbe0bb588e144a61aad8dcc00ef92a82d2e87183ca662d242f524"},
    {file = "ruamel_yaml_clib-0.2.15-cp314-cp314-musllinux_1_2_x86_64.whl", hash = "sha256:542d77b72786a35563f97069b9379ce762944e67055bea293480f7734b2c7e5e"},
    {file = "ruamel_yaml_clib-0.2.15-cp314-cp314-win32.whl", hash = "sha256:424ead8cef3939d690c4b5c85ef5b52155a231ff8b252961b6516ed7cf05f6aa"},
    {file = "ruamel_yaml_clib-0.2.15-cp314-cp314-win_amd64.whl", hash = "sha256:ac9b8d5fa4bb7fd2917ab5027f60d4234345fd366fe39aa711d5dca090aa1467"},
    {file = "ruamel_yaml_clib-0.2.15-cp39-cp39-macosx_10_9_x86_64.whl", hash = "sha256:923816815974425fbb1f1bf57e85eca6e14d8adc313c66db21c094927ad01815"},
    {file = "ruamel_yaml_clib-0.2.15-cp39-cp39-macosx_11_0_arm64.whl", hash = "sha256:dcc7f3162d3711fd5d52e2267e44636e3e566d1e5675a5f0b30e98f2c4af7974"},
    {file = "ruamel_yaml_clib-0.2.15-cp39-cp39-manylinux1_i686.manylinux_2_28_i686.manylinux_2_5_i686.whl", hash = "sha256:5d3c9210219cbc0f22706f19b154c9a798ff65a6beeafbf77fc9c057ec806f7d"},
    {file = "ruamel_yaml_clib-0.2.15-cp39-cp39-manylinux2014_aarch64.manylinux_2_17_aarch64.manylinux_2_28_aarch64.whl", hash = "sha256:1bb7b728fd9f405aa00b4a0b17ba3f3b810d0ccc5f77f7373162e9b5f0ff75d5"},
    {file = "ruamel_yaml_clib-0.2.15-cp39-cp39-manylinux2014_x86_64.manylinux_2_17_x86_64.manylinux_2_28_x86_64.whl", hash = "sha256:3cb75a3c14f1d6c3c2a94631e362802f70e83e20d1f2b2ef3026c05b415c4900"},
    {file = "ruamel_yaml_clib-0.2.15-cp39-cp39-musllinux_1_2_aarch64.whl", hash = "sha256:badd1d7283f3e5894779a6ea8944cc765138b96804496c91812b2829f70e18a7"},
    {file = "ruamel_yaml_clib-0.2.15-cp39-cp39-musllinux_1_2_i686.whl", hash = "sha256:0ba6604bbc3dfcef844631932d06a1a4dcac3fee904efccf582261948431628a"},
    {file = "ruamel_yaml_clib-0.2.15-cp39-cp39-musllinux_1_2_x86_64.whl", hash = "sha256:a8220fd4c6f98485e97aea65e1df76d4fed1678ede1fe1d0eed2957230d287c4"},
    {file = "ruamel_yaml_clib-0.2.15-cp39-cp39-win32.whl", hash = "sha256:04d21dc9c57d9608225da28285900762befbb0165ae48482c15d8d4989d4af14"},
    {file = "ruamel_yaml_clib-0.2.15-cp39-cp39-win_amd64.whl", hash = "sha256:27dc656e84396e6d687f97c6e65fb284d100483628f02d95464fd731743a4afe"},
    {file = "ruamel_yaml_clib-0.2.15.tar.gz", hash = "sha256:46e4cc8c43ef6a94885f72512094e482114a8a706d3c555a34ed4b0d20200600"},
]

[[package]]
name = "six"
version = "1.17.0"
description = "Python 2 and 3 compatibility utilities"
optional = false
python-versions = "!=3.0.*,!=3.1.*,!=3.2.*,>=2.7"
groups = ["main"]
files = [
    {file = "six-1.17.0-py2.py3-none-any.whl", hash = "sha256:4721f391ed90541fddacab5acf947aa0d3dc7d27b2e1e8eda2be8970586c3274"},
    {file = "six-1.17.0.tar.gz", hash = "sha256:ff70335d468e7eb6ec65b95b99d3a2836546063f63acc5171de367e834932a81"},
]

[[package]]
name = "toml"
version = "0.10.2"
description = "Python Library for Tom's Obvious, Minimal Language"
optional = false
python-versions = ">=2.6, !=3.0.*, !=3.1.*, !=3.2.*"
groups = ["main"]
files = [
    {file = "toml-0.10.2-py2.py3-none-any.whl", hash = "sha256:806143ae5bfb6a3c6e736a764057db0e6a0e05e338b5630894a5f779cabb4f9b"},
    {file = "toml-0.10.2.tar.gz", hash = "sha256:b3bda1d108d5dd99f4a20d24d9c348e91c4db7ab1b749200bded2f839ccbe68f"},
]

[[package]]
name = "typing-extensions"
version = "4.16.0"
description = "Backported and Experimental Type Hints for Python 3.9+"
optional = false
python-versions = ">=3.9"
groups = ["main"]
markers = "python_version < \"3.15\""
files = [
    {file = "typing_extensions-4.16.0-py3-none-any.whl", hash = "sha256:481caa481374e813c1b176ada14e97f1f67a4539ce9cfeb3f350d78d6370c2e8"},
    {file = "typing_extensions-4.16.0.tar.gz", hash = "sha256:dc983d19a509c94dba722ee6abd33940f7c05a89e243c47e907eb4db6f1a43e5"},
]

[[package]]
name = "voluptuous"
version = "0.16.0"
description = "Python data validation library"
optional = false
python-versions = ">=3.9"
groups = ["main"]
files = [
    {file = "voluptuous-0.16.0-py3-none-any.whl", hash = "sha256:ee342095263e1b5afbd4d418cb5adc92810eebfd07696bb033a261210df33db4"},
    {file = "voluptuous-0.16.0.tar.gz", hash = "sha256:006535e22fed944aec17bef6e8725472476194743c87bd233e912eb463f8ff05"},
]

[metadata]
lock-version = "2.1"
python-versions = "^3.12"
content-hash = "4d9c335cfc90d516f99519f9a0101f01e6cef57229431f3ad13d675faed81210"
